
Microsoft Visual Studio Solution File, Format Version 12.00
# Visual Studio Version 17
VisualStudioVersion = 17.9.34622.214
MinimumVisualStudioVersion = 10.0.40219.1
Project("{FAE04EC0-301F-11D3-BF4B-00C04F79EFBC}") = "CA_EFHastaneOtomasyon", "CA_EFHastaneOtomasyon\CA_EFHastaneOtomasyon.csproj", "{BC088A92-49A8-45D3-B5FF-D06DE71562AF}"
EndProject
Global
	GlobalSection(SolutionConfigurationPlatforms) = preSolution
		Debug|Any CPU = Debug|Any CPU
		Release|Any CPU = Release|Any CPU
	EndGlobalSection
	GlobalSection(ProjectConfigurationPlatforms) = postSolution
		{BC088A92-49A8-45D3-B5FF-D06DE71562AF}.Debug|Any CPU.ActiveCfg = Debug|Any CPU
		{BC088A92-49A8-45D3-B5FF-D06DE71562AF}.Debug|Any CPU.Build.0 = Debug|Any CPU
		{BC088A92-49A8-45D3-B5FF-D06DE71562AF}.Release|Any CPU.ActiveCfg = Release|Any CPU
		{BC088A92-49A8-45D3-B5FF-D06DE71562AF}.Release|Any CPU.Build.0 = Release|Any CPU
	EndGlobalSection
	GlobalSection(SolutionProperties) = preSolution
		HideSolutionNode = FALSE
	EndGlobalSection
	GlobalSection(ExtensibilityGlobals) = postSolution
		SolutionGuid = {DBA796CE-1B59-4F05-8C7E-04EC55DF7A1B}
	EndGlobalSection
EndGlobal
